
Microsoft Visual Studio Solution File, Format Version 12.00
# Visual Studio Version 16
VisualStudioVersion = 16.0.33027.164
MinimumVisualStudioVersion = 10.0.40219.1
Project("{FAE04EC0-301F-11D3-BF4B-00C04F79EFBC}") = "CRUD_MVC_SamuelCursino_MateuSilva", "CRUD_MVC_SamuelCursino_MateuSilva\CRUD_MVC_SamuelCursino_MateuSilva.csproj", "{69C104C1-50CB-4427-8A06-CCC26D943485}"
EndProject
Global
	GlobalSection(SolutionConfigurationPlatforms) = preSolution
		Debug|Any CPU = Debug|Any CPU
		Release|Any CPU = Release|Any CPU
	EndGlobalSection
	GlobalSection(ProjectConfigurationPlatforms) = postSolution
		{69C104C1-50CB-4427-8A06-CCC26D943485}.Debug|Any CPU.ActiveCfg = Debug|Any CPU
		{69C104C1-50CB-4427-8A06-CCC26D943485}.Debug|Any CPU.Build.0 = Debug|Any CPU
		{69C104C1-50CB-4427-8A06-CCC26D943485}.Release|Any CPU.ActiveCfg = Release|Any CPU
		{69C104C1-50CB-4427-8A06-CCC26D943485}.Release|Any CPU.Build.0 = Release|Any CPU
	EndGlobalSection
	GlobalSection(SolutionProperties) = preSolution
		HideSolutionNode = FALSE
	EndGlobalSection
	GlobalSection(ExtensibilityGlobals) = postSolution
		SolutionGuid = {E8D3AF68-765E-4816-895D-4D642712E3AC}
	EndGlobalSection
EndGlobal
